
Microsoft Visual Studio Solution File, Format Version 12.00
# Visual Studio Version 17
VisualStudioVersion = 17.0.31903.59
MinimumVisualStudioVersion = 10.0.40219.1
Project("{FAE04EC0-301F-11D3-BF4B-00C04F79EFBC}") = "Garage_Management", "Garage_Management\Garage_Management.csproj", "{B75B6440-CCA5-4FA4-B5C4-DECCEBB94A15}"
EndProject
Project("{FAE04EC0-301F-11D3-BF4B-00C04F79EFBC}") = "GargeLogic", "GargeLogic\GargeLogic.csproj", "{19680097-0FAB-46F3-9DD1-5E3796C78FED}"
EndProject
Global
	GlobalSection(SolutionConfigurationPlatforms) = preSolution
		Debug|Any CPU = Debug|Any CPU
		Release|Any CPU = Release|Any CPU
	EndGlobalSection
	GlobalSection(SolutionProperties) = preSolution
		HideSolutionNode = FALSE
	EndGlobalSection
	GlobalSection(ProjectConfigurationPlatforms) = postSolution
		{B75B6440-CCA5-4FA4-B5C4-DECCEBB94A15}.Debug|Any CPU.ActiveCfg = Debug|Any CPU
		{B75B6440-CCA5-4FA4-B5C4-DECCEBB94A15}.Debug|Any CPU.Build.0 = Debug|Any CPU
		{B75B6440-CCA5-4FA4-B5C4-DECCEBB94A15}.Release|Any CPU.ActiveCfg = Release|Any CPU
		{B75B6440-CCA5-4FA4-B5C4-DECCEBB94A15}.Release|Any CPU.Build.0 = Release|Any CPU
		{19680097-0FAB-46F3-9DD1-5E3796C78FED}.Debug|Any CPU.ActiveCfg = Debug|Any CPU
		{19680097-0FAB-46F3-9DD1-5E3796C78FED}.Debug|Any CPU.Build.0 = Debug|Any CPU
		{19680097-0FAB-46F3-9DD1-5E3796C78FED}.Release|Any CPU.ActiveCfg = Release|Any CPU
		{19680097-0FAB-46F3-9DD1-5E3796C78FED}.Release|Any CPU.Build.0 = Release|Any CPU
	EndGlobalSection
EndGlobal
